
Microsoft Visual Studio Solution File, Format Version 12.00
# Visual Studio 15
VisualStudioVersion = 15.0.28307.757
MinimumVisualStudioVersion = 10.0.40219.1
Project("{9A19103F-16F7-4668-BE54-9A1E7A4F7556}") = "Zen.Module.Data.MongoDB", "Zen.Module.Data.MongoDB\Zen.Module.Data.MongoDB.csproj", "{954AC04B-08F1-4804-A7B4-F0B225793CAF}"
EndProject
Project("{9A19103F-16F7-4668-BE54-9A1E7A4F7556}") = "Zen.Module.Encryption.AES", "Zen.Module.Encryption.AES\Zen.Module.Encryption.AES.csproj", "{88BC5B4E-8B54-4D77-807D-E5426D0EFE15}"
EndProject
Project("{9A19103F-16F7-4668-BE54-9A1E7A4F7556}") = "Zen.Module.Web.Auth.GitHub", "Zen.Module.Web.Auth.GitHub\Zen.Module.Web.Auth.GitHub.csproj", "{4518E31D-02F7-4737-B2CC-079FDE9BDEEB}"
EndProject
Project("{9A19103F-16F7-4668-BE54-9A1E7A4F7556}") = "Zen.Module.Web.Auth.Google", "Zen.Module.Web.Auth.Google\Zen.Module.Web.Auth.Google.csproj", "{EC33E234-C604-4BF5-AA78-F21DAC3770D8}"
EndProject
Project("{9A19103F-16F7-4668-BE54-9A1E7A4F7556}") = "Zen.Web", "Zen.Web\Zen.Web.csproj", "{31FCBF37-2E26-4A41-A297-D126D51E67A8}"
EndProject
Project("{9A19103F-16F7-4668-BE54-9A1E7A4F7556}") = "Zen.Web.Auth", "Zen.Web.Auth\Zen.Web.Auth.csproj", "{D3ADE5C6-B48C-4F6F-9EEA-1DD0233E0CEA}"
EndProject
Project("{9A19103F-16F7-4668-BE54-9A1E7A4F7556}") = "Zen.Module.Web.IoT.Alexa", "Zen.Module.Web.IoT.Alexa\Zen.Module.Web.IoT.Alexa.csproj", "{ABA4D6A2-7531-4BA4-B907-20A108493450}"
EndProject
Project("{9A19103F-16F7-4668-BE54-9A1E7A4F7556}") = "Zen.App", "Zen.App\Zen.App.csproj", "{5B004B0A-3CBE-4305-9A71-DAD2C9813011}"
EndProject
Project("{9A19103F-16F7-4668-BE54-9A1E7A4F7556}") = "Zen.Base", "Zen.Base\Zen.Base.csproj", "{BF6B93A9-2C18-4465-BEA0-1FEA2677AAA2}"
EndProject
Project("{9A19103F-16F7-4668-BE54-9A1E7A4F7556}") = "Zen.Storage", "Zen.Storage\Zen.Storage.csproj", "{0351EE2B-6463-4E75-9317-7B0A424F6BF4}"
EndProject
Project("{9A19103F-16F7-4668-BE54-9A1E7A4F7556}") = "Zen.Cloud", "Zen.Cloud\Zen.Cloud.csproj", "{135E1204-21F8-4EDD-8B4B-5EF2CD71EF2D}"
EndProject
Project("{9A19103F-16F7-4668-BE54-9A1E7A4F7556}") = "Zen.Module.Cloud.AWS", "Zen.Module.Cloud.AWS\Zen.Module.Cloud.AWS.csproj", "{5601DD40-D3B5-483A-889A-081E012FE638}"
EndProject
Project("{9A19103F-16F7-4668-BE54-9A1E7A4F7556}") = "UnitTests", "UnitTests\UnitTests.csproj", "{BFD86F0B-FC1A-406C-BF83-DDB09A960040}"
EndProject
Project("{9A19103F-16F7-4668-BE54-9A1E7A4F7556}") = "Zen.Module.Data.Oracle", "Zen.Module.Data.Oracle\Zen.Module.Data.Oracle.csproj", "{E11D5598-4DD5-4F23-AE22-9C53AF960E48}"
EndProject
Project("{9A19103F-16F7-4668-BE54-9A1E7A4F7556}") = "Zen.Module.Data.Relational", "Zen.Module.Data.Relational\Zen.Module.Data.Relational.csproj", "{1D46E6D8-6804-4734-9E04-F4211B7701EB}"
EndProject
Project("{FAE04EC0-301F-11D3-BF4B-00C04F79EFBC}") = "Zen.Media", "Zen.Media\Zen.Media.csproj", "{74F83D53-8177-4975-A97E-92B6DACAB863}"
EndProject
Global
	GlobalSection(SolutionConfigurationPlatforms) = preSolution
		Debug|Any CPU = Debug|Any CPU
		Release|Any CPU = Release|Any CPU
	EndGlobalSection
	GlobalSection(ProjectConfigurationPlatforms) = postSolution
		{954AC04B-08F1-4804-A7B4-F0B225793CAF}.Debug|Any CPU.ActiveCfg = Debug|Any CPU
		{954AC04B-08F1-4804-A7B4-F0B225793CAF}.Debug|Any CPU.Build.0 = Debug|Any CPU
		{954AC04B-08F1-4804-A7B4-F0B225793CAF}.Release|Any CPU.ActiveCfg = Release|Any CPU
		{954AC04B-08F1-4804-A7B4-F0B225793CAF}.Release|Any CPU.Build.0 = Release|Any CPU
		{88BC5B4E-8B54-4D77-807D-E5426D0EFE15}.Debug|Any CPU.ActiveCfg = Debug|Any CPU
		{88BC5B4E-8B54-4D77-807D-E5426D0EFE15}.Debug|Any CPU.Build.0 = Debug|Any CPU
		{88BC5B4E-8B54-4D77-807D-E5426D0EFE15}.Release|Any CPU.ActiveCfg = Release|Any CPU
		{88BC5B4E-8B54-4D77-807D-E5426D0EFE15}.Release|Any CPU.Build.0 = Release|Any CPU
		{4518E31D-02F7-4737-B2CC-079FDE9BDEEB}.Debug|Any CPU.ActiveCfg = Debug|Any CPU
		{4518E31D-02F7-4737-B2CC-079FDE9BDEEB}.Debug|Any CPU.Build.0 = Debug|Any CPU
		{4518E31D-02F7-4737-B2CC-079FDE9BDEEB}.Release|Any CPU.ActiveCfg = Release|Any CPU
		{4518E31D-02F7-4737-B2CC-079FDE9BDEEB}.Release|Any CPU.Build.0 = Release|Any CPU
		{EC33E234-C604-4BF5-AA78-F21DAC3770D8}.Debug|Any CPU.ActiveCfg = Debug|Any CPU
		{EC33E234-C604-4BF5-AA78-F21DAC3770D8}.Debug|Any CPU.Build.0 = Debug|Any CPU
		{EC33E234-C604-4BF5-AA78-F21DAC3770D8}.Release|Any CPU.ActiveCfg = Release|Any CPU
		{EC33E234-C604-4BF5-AA78-F21DAC3770D8}.Release|Any CPU.Build.0 = Release|Any CPU
		{31FCBF37-2E26-4A41-A297-D126D51E67A8}.Debug|Any CPU.ActiveCfg = Debug|Any CPU
		{31FCBF37-2E26-4A41-A297-D126D51E67A8}.Debug|Any CPU.Build.0 = Debug|Any CPU
		{31FCBF37-2E26-4A41-A297-D126D51E67A8}.Release|Any CPU.ActiveCfg = Release|Any CPU
		{31FCBF37-2E26-4A41-A297-D126D51E67A8}.Release|Any CPU.Build.0 = Release|Any CPU
		{D3ADE5C6-B48C-4F6F-9EEA-1DD0233E0CEA}.Debug|Any CPU.ActiveCfg = Debug|Any CPU
		{D3ADE5C6-B48C-4F6F-9EEA-1DD0233E0CEA}.Debug|Any CPU.Build.0 = Debug|Any CPU
		{D3ADE5C6-B48C-4F6F-9EEA-1DD0233E0CEA}.Release|Any CPU.ActiveCfg = Release|Any CPU
		{D3ADE5C6-B48C-4F6F-9EEA-1DD0233E0CEA}.Release|Any CPU.Build.0 = Release|Any CPU
		{ABA4D6A2-7531-4BA4-B907-20A108493450}.Debug|Any CPU.ActiveCfg = Debug|Any CPU
		{ABA4D6A2-7531-4BA4-B907-20A108493450}.Debug|Any CPU.Build.0 = Debug|Any CPU
		{ABA4D6A2-7531-4BA4-B907-20A108493450}.Release|Any CPU.ActiveCfg = Release|Any CPU
		{ABA4D6A2-7531-4BA4-B907-20A108493450}.Release|Any CPU.Build.0 = Release|Any CPU
		{5B004B0A-3CBE-4305-9A71-DAD2C9813011}.Debug|Any CPU.ActiveCfg = Debug|Any CPU
		{5B004B0A-3CBE-4305-9A71-DAD2C9813011}.Debug|Any CPU.Build.0 = Debug|Any CPU
		{5B004B0A-3CBE-4305-9A71-DAD2C9813011}.Release|Any CPU.ActiveCfg = Release|Any CPU
		{5B004B0A-3CBE-4305-9A71-DAD2C9813011}.Release|Any CPU.Build.0 = Release|Any CPU
		{BF6B93A9-2C18-4465-BEA0-1FEA2677AAA2}.Debug|Any CPU.ActiveCfg = Debug|Any CPU
		{BF6B93A9-2C18-4465-BEA0-1FEA2677AAA2}.Debug|Any CPU.Build.0 = Debug|Any CPU
		{BF6B93A9-2C18-4465-BEA0-1FEA2677AAA2}.Release|Any CPU.ActiveCfg = Release|Any CPU
		{BF6B93A9-2C18-4465-BEA0-1FEA2677AAA2}.Release|Any CPU.Build.0 = Release|Any CPU
		{0351EE2B-6463-4E75-9317-7B0A424F6BF4}.Debug|Any CPU.ActiveCfg = Debug|Any CPU
		{0351EE2B-6463-4E75-9317-7B0A424F6BF4}.Debug|Any CPU.Build.0 = Debug|Any CPU
		{0351EE2B-6463-4E75-9317-7B0A424F6BF4}.Release|Any CPU.ActiveCfg = Release|Any CPU
		{0351EE2B-6463-4E75-9317-7B0A424F6BF4}.Release|Any CPU.Build.0 = Release|Any CPU
		{135E1204-21F8-4EDD-8B4B-5EF2CD71EF2D}.Debug|Any CPU.ActiveCfg = Debug|Any CPU
		{135E1204-21F8-4EDD-8B4B-5EF2CD71EF2D}.Debug|Any CPU.Build.0 = Debug|Any CPU
		{135E1204-21F8-4EDD-8B4B-5EF2CD71EF2D}.Release|Any CPU.ActiveCfg = Release|Any CPU
		{135E1204-21F8-4EDD-8B4B-5EF2CD71EF2D}.Release|Any CPU.Build.0 = Release|Any CPU
		{5601DD40-D3B5-483A-889A-081E012FE638}.Debug|Any CPU.ActiveCfg = Debug|Any CPU
		{5601DD40-D3B5-483A-889A-081E012FE638}.Debug|Any CPU.Build.0 = Debug|Any CPU
		{5601DD40-D3B5-483A-889A-081E012FE638}.Release|Any CPU.ActiveCfg = Release|Any CPU
		{5601DD40-D3B5-483A-889A-081E012FE638}.Release|Any CPU.Build.0 = Release|Any CPU
		{BFD86F0B-FC1A-406C-BF83-DDB09A960040}.Debug|Any CPU.ActiveCfg = Debug|Any CPU
		{BFD86F0B-FC1A-406C-BF83-DDB09A960040}.Debug|Any CPU.Build.0 = Debug|Any CPU
		{BFD86F0B-FC1A-406C-BF83-DDB09A960040}.Release|Any CPU.ActiveCfg = Release|Any CPU
		{BFD86F0B-FC1A-406C-BF83-DDB09A960040}.Release|Any CPU.Build.0 = Release|Any CPU
		{E11D5598-4DD5-4F23-AE22-9C53AF960E48}.Debug|Any CPU.ActiveCfg = Debug|Any CPU
		{E11D5598-4DD5-4F23-AE22-9C53AF960E48}.Debug|Any CPU.Build.0 = Debug|Any CPU
		{E11D5598-4DD5-4F23-AE22-9C53AF960E48}.Release|Any CPU.ActiveCfg = Release|Any CPU
		{E11D5598-4DD5-4F23-AE22-9C53AF960E48}.Release|Any CPU.Build.0 = Release|Any CPU
		{1D46E6D8-6804-4734-9E04-F4211B7701EB}.Debug|Any CPU.ActiveCfg = Debug|Any CPU
		{1D46E6D8-6804-4734-9E04-F4211B7701EB}.Debug|Any CPU.Build.0 = Debug|Any CPU
		{1D46E6D8-6804-4734-9E04-F4211B7701EB}.Release|Any CPU.ActiveCfg = Release|Any CPU
		{1D46E6D8-6804-4734-9E04-F4211B7701EB}.Release|Any CPU.Build.0 = Release|Any CPU
		{74F83D53-8177-4975-A97E-92B6DACAB863}.Debug|Any CPU.ActiveCfg = Debug|Any CPU
		{74F83D53-8177-4975-A97E-92B6DACAB863}.Debug|Any CPU.Build.0 = Debug|Any CPU
		{74F83D53-8177-4975-A97E-92B6DACAB863}.Release|Any CPU.ActiveCfg = Release|Any CPU
		{74F83D53-8177-4975-A97E-92B6DACAB863}.Release|Any CPU.Build.0 = Release|Any CPU
	EndGlobalSection
	GlobalSection(SolutionProperties) = preSolution
		HideSolutionNode = FALSE
	EndGlobalSection
	GlobalSection(ExtensibilityGlobals) = postSolution
		SolutionGuid = {F7669975-FD73-4B57-A032-98D614C3BBC5}
	EndGlobalSection
EndGlobal
